################################################################################
# Filename: csla_64bit.ioc
# Author: ZHU, Jingyang
# Email: jzhuak@connect.ust.hk
# Affiliation: Hong Kong University of Science and Technology
# ------------------------------------------------------------------------------
#
# This file defines the IO location constraint of the divider module. The input
# pins are allocated at the left and right edge (on Metal 5). The output pins
# are allocated at the top and bottom edge (on Metal 6). The space between each
# pin is set as 1.5um. There is an offset of 1um to ensure the module pins do
# not have any overlap with each other. Each pin dimension is set to be 0.14um x
# 0.14um.
#
# Note: if we do not provide the IO location constraint for our divider module,
# the Encounter will randomly place our pins.
################################################################################

(globals
    version = 3
    io_order = default
    space = 1.0
)
(iopin
    (top
		(pin name="sum[0]"	 layer=6 width=0.1400 depth=0.1400 offset=1.0)
		(pin name="sum[1]"	 layer=6 width=0.1400 depth=0.1400 )
		(pin name="sum[2]"	 layer=6 width=0.1400 depth=0.1400 )
		(pin name="sum[3]"	 layer=6 width=0.1400 depth=0.1400 )
		(pin name="sum[4]"	 layer=6 width=0.1400 depth=0.1400 )
		(pin name="sum[5]"	 layer=6 width=0.1400 depth=0.1400 )
		(pin name="sum[6]"	 layer=6 width=0.1400 depth=0.1400 )
		(pin name="sum[7]"	 layer=6 width=0.1400 depth=0.1400 )
		(pin name="sum[8]"	 layer=6 width=0.1400 depth=0.1400 )
		(pin name="sum[9]"	 layer=6 width=0.1400 depth=0.1400 )
		(pin name="sum[10]"	 layer=6 width=0.1400 depth=0.1400 )
		(pin name="sum[11]"	 layer=6 width=0.1400 depth=0.1400 )
		(pin name="sum[12]"	 layer=6 width=0.1400 depth=0.1400 )
		(pin name="sum[13]"	 layer=6 width=0.1400 depth=0.1400 )
		(pin name="sum[14]"	 layer=6 width=0.1400 depth=0.1400 )
		(pin name="sum[15]"	 layer=6 width=0.1400 depth=0.1400 )
		(pin name="sum[16]"	 layer=6 width=0.1400 depth=0.1400 )
		(pin name="sum[17]"	 layer=6 width=0.1400 depth=0.1400 )
		(pin name="sum[18]"	 layer=6 width=0.1400 depth=0.1400 )
		(pin name="sum[19]"	 layer=6 width=0.1400 depth=0.1400 )
		(pin name="sum[20]"	 layer=6 width=0.1400 depth=0.1400 )
		(pin name="sum[21]"	 layer=6 width=0.1400 depth=0.1400 )
		(pin name="sum[22]"	 layer=6 width=0.1400 depth=0.1400 )
		(pin name="sum[23]"	 layer=6 width=0.1400 depth=0.1400 )
		(pin name="sum[24]"	 layer=6 width=0.1400 depth=0.1400 )
		(pin name="sum[25]"	 layer=6 width=0.1400 depth=0.1400 )
		(pin name="sum[26]"	 layer=6 width=0.1400 depth=0.1400 )
		(pin name="sum[27]"	 layer=6 width=0.1400 depth=0.1400 )
		(pin name="sum[28]"	 layer=6 width=0.1400 depth=0.1400 )
		(pin name="sum[29]"	 layer=6 width=0.1400 depth=0.1400 )
		(pin name="sum[30]"	 layer=6 width=0.1400 depth=0.1400 )
		(pin name="sum[31]"	 layer=6 width=0.1400 depth=0.1400 )
		(pin name="sum[32]"	 layer=6 width=0.1400 depth=0.1400 )
		(pin name="sum[33]"	 layer=6 width=0.1400 depth=0.1400 )
		(pin name="sum[34]"	 layer=6 width=0.1400 depth=0.1400 )
		(pin name="sum[35]"	 layer=6 width=0.1400 depth=0.1400 )
		(pin name="sum[36]"	 layer=6 width=0.1400 depth=0.1400 )
		(pin name="sum[37]"	 layer=6 width=0.1400 depth=0.1400 )
		(pin name="sum[38]"	 layer=6 width=0.1400 depth=0.1400 )
		(pin name="sum[39]"	 layer=6 width=0.1400 depth=0.1400 )
		(pin name="sum[40]"	 layer=6 width=0.1400 depth=0.1400 )
		(pin name="sum[41]"	 layer=6 width=0.1400 depth=0.1400 )
		(pin name="sum[42]"	 layer=6 width=0.1400 depth=0.1400 )
		(pin name="sum[43]"	 layer=6 width=0.1400 depth=0.1400 )
		(pin name="sum[44]"	 layer=6 width=0.1400 depth=0.1400 )
		(pin name="sum[45]"	 layer=6 width=0.1400 depth=0.1400 )
		(pin name="sum[46]"	 layer=6 width=0.1400 depth=0.1400 )
		(pin name="sum[47]"	 layer=6 width=0.1400 depth=0.1400 )
    )
    (left
		(pin name="a[0]"	 layer=5 width=0.1400 depth=0.1400 offset=1.0)
		(pin name="a[1]"	 layer=5 width=0.1400 depth=0.1400 )
		(pin name="a[2]"	 layer=5 width=0.1400 depth=0.1400 )
		(pin name="a[3]"	 layer=5 width=0.1400 depth=0.1400 )
		(pin name="a[4]"	 layer=5 width=0.1400 depth=0.1400 )
		(pin name="a[5]"	 layer=5 width=0.1400 depth=0.1400 )
		(pin name="a[6]"	 layer=5 width=0.1400 depth=0.1400 )
		(pin name="a[7]"	 layer=5 width=0.1400 depth=0.1400 )
		(pin name="a[8]"	 layer=5 width=0.1400 depth=0.1400 )
		(pin name="a[9]"	 layer=5 width=0.1400 depth=0.1400 )
		(pin name="a[10]"	 layer=5 width=0.1400 depth=0.1400 )
		(pin name="a[11]"	 layer=5 width=0.1400 depth=0.1400 )
		(pin name="a[12]"	 layer=5 width=0.1400 depth=0.1400 )
		(pin name="a[13]"	 layer=5 width=0.1400 depth=0.1400 )
		(pin name="a[14]"	 layer=5 width=0.1400 depth=0.1400 )
		(pin name="a[15]"	 layer=5 width=0.1400 depth=0.1400 )
		(pin name="a[16]"	 layer=5 width=0.1400 depth=0.1400 )
		(pin name="a[17]"	 layer=5 width=0.1400 depth=0.1400 )
		(pin name="a[18]"	 layer=5 width=0.1400 depth=0.1400 )
		(pin name="a[19]"	 layer=5 width=0.1400 depth=0.1400 )
		(pin name="a[20]"	 layer=5 width=0.1400 depth=0.1400 )
		(pin name="a[21]"	 layer=5 width=0.1400 depth=0.1400 )
		(pin name="a[22]"	 layer=5 width=0.1400 depth=0.1400 )
		(pin name="a[23]"	 layer=5 width=0.1400 depth=0.1400 )
		(pin name="a[24]"	 layer=5 width=0.1400 depth=0.1400 )
		(pin name="a[25]"	 layer=5 width=0.1400 depth=0.1400 )
		(pin name="a[26]"	 layer=5 width=0.1400 depth=0.1400 )
		(pin name="a[27]"	 layer=5 width=0.1400 depth=0.1400 )
		(pin name="a[28]"	 layer=5 width=0.1400 depth=0.1400 )
		(pin name="a[29]"	 layer=5 width=0.1400 depth=0.1400 )
		(pin name="a[30]"	 layer=5 width=0.1400 depth=0.1400 )
		(pin name="a[31]"	 layer=5 width=0.1400 depth=0.1400 )
		(pin name="a[32]"	 layer=5 width=0.1400 depth=0.1400 )
		(pin name="a[33]"	 layer=5 width=0.1400 depth=0.1400 )
		(pin name="a[34]"	 layer=5 width=0.1400 depth=0.1400 )
		(pin name="a[35]"	 layer=5 width=0.1400 depth=0.1400 )
		(pin name="a[36]"	 layer=5 width=0.1400 depth=0.1400 )
		(pin name="a[37]"	 layer=5 width=0.1400 depth=0.1400 )
		(pin name="a[38]"	 layer=5 width=0.1400 depth=0.1400 )
		(pin name="a[39]"	 layer=5 width=0.1400 depth=0.1400 )
		(pin name="a[40]"	 layer=5 width=0.1400 depth=0.1400 )
		(pin name="a[41]"	 layer=5 width=0.1400 depth=0.1400 )
		(pin name="a[42]"	 layer=5 width=0.1400 depth=0.1400 )
		(pin name="a[43]"	 layer=5 width=0.1400 depth=0.1400 )
		(pin name="a[44]"	 layer=5 width=0.1400 depth=0.1400 )
		(pin name="a[45]"	 layer=5 width=0.1400 depth=0.1400 )
		(pin name="a[46]"	 layer=5 width=0.1400 depth=0.1400 )
		(pin name="a[47]"	 layer=5 width=0.1400 depth=0.1400 )
    )
    (bottom
		(pin name="a[48]"	 layer=5 width=0.1400 depth=0.1400 offset=1.0)
		(pin name="a[49]"	 layer=5 width=0.1400 depth=0.1400 )
		(pin name="a[50]"	 layer=5 width=0.1400 depth=0.1400 )
		(pin name="a[51]"	 layer=5 width=0.1400 depth=0.1400 )
		(pin name="a[52]"	 layer=5 width=0.1400 depth=0.1400 )
		(pin name="a[53]"	 layer=5 width=0.1400 depth=0.1400 )
		(pin name="a[54]"	 layer=5 width=0.1400 depth=0.1400 )
		(pin name="a[55]"	 layer=5 width=0.1400 depth=0.1400 )
		(pin name="a[56]"	 layer=5 width=0.1400 depth=0.1400 )
		(pin name="a[57]"	 layer=5 width=0.1400 depth=0.1400 )
		(pin name="a[58]"	 layer=5 width=0.1400 depth=0.1400 )
		(pin name="a[59]"	 layer=5 width=0.1400 depth=0.1400 )
		(pin name="a[60]"	 layer=5 width=0.1400 depth=0.1400 )
		(pin name="a[61]"	 layer=5 width=0.1400 depth=0.1400 )
		(pin name="a[62]"	 layer=5 width=0.1400 depth=0.1400 )
		(pin name="a[63]"	 layer=5 width=0.1400 depth=0.1400 )
		(pin name="sum[48]"	 layer=6 width=0.1400 depth=0.1400 )
		(pin name="sum[49]"	 layer=6 width=0.1400 depth=0.1400 )
		(pin name="sum[50]"	 layer=6 width=0.1400 depth=0.1400 )
		(pin name="sum[51]"	 layer=6 width=0.1400 depth=0.1400 )
		(pin name="sum[52]"	 layer=6 width=0.1400 depth=0.1400 )
		(pin name="sum[53]"	 layer=6 width=0.1400 depth=0.1400 )
		(pin name="sum[54]"	 layer=6 width=0.1400 depth=0.1400 )
		(pin name="sum[55]"	 layer=6 width=0.1400 depth=0.1400 )
		(pin name="sum[56]"	 layer=6 width=0.1400 depth=0.1400 )
		(pin name="sum[57]"	 layer=6 width=0.1400 depth=0.1400 )
		(pin name="sum[58]"	 layer=6 width=0.1400 depth=0.1400 )
		(pin name="sum[59]"	 layer=6 width=0.1400 depth=0.1400 )
		(pin name="sum[60]"	 layer=6 width=0.1400 depth=0.1400 )
		(pin name="sum[61]"	 layer=6 width=0.1400 depth=0.1400 )
		(pin name="sum[62]"	 layer=6 width=0.1400 depth=0.1400 )
		(pin name="sum[63]"	 layer=6 width=0.1400 depth=0.1400 )
		(pin name="cout"	 layer=6 width=0.1400 depth=0.1400 )
		(pin name="b[48]"	 layer=5 width=0.1400 depth=0.1400 )
		(pin name="b[49]"	 layer=5 width=0.1400 depth=0.1400 )
		(pin name="b[50]"	 layer=5 width=0.1400 depth=0.1400 )
		(pin name="b[51]"	 layer=5 width=0.1400 depth=0.1400 )
		(pin name="b[52]"	 layer=5 width=0.1400 depth=0.1400 )
		(pin name="b[53]"	 layer=5 width=0.1400 depth=0.1400 )
		(pin name="b[54]"	 layer=5 width=0.1400 depth=0.1400 )
		(pin name="b[55]"	 layer=5 width=0.1400 depth=0.1400 )
		(pin name="b[56]"	 layer=5 width=0.1400 depth=0.1400 )
		(pin name="b[57]"	 layer=5 width=0.1400 depth=0.1400 )
		(pin name="b[58]"	 layer=5 width=0.1400 depth=0.1400 )
		(pin name="b[59]"	 layer=5 width=0.1400 depth=0.1400 )
		(pin name="b[60]"	 layer=5 width=0.1400 depth=0.1400 )
		(pin name="b[61]"	 layer=5 width=0.1400 depth=0.1400 )
		(pin name="b[62]"	 layer=5 width=0.1400 depth=0.1400 )
		(pin name="b[63]"	 layer=5 width=0.1400 depth=0.1400 )
		(pin name="cin"	 layer=5 width=0.1400 depth=0.1400 )
    )
    (right
		(pin name="b[0]"	 layer=5 width=0.1400 depth=0.1400 offset=1.0)
		(pin name="b[1]"	 layer=5 width=0.1400 depth=0.1400 )
		(pin name="b[2]"	 layer=5 width=0.1400 depth=0.1400 )
		(pin name="b[3]"	 layer=5 width=0.1400 depth=0.1400 )
		(pin name="b[4]"	 layer=5 width=0.1400 depth=0.1400 )
		(pin name="b[5]"	 layer=5 width=0.1400 depth=0.1400 )
		(pin name="b[6]"	 layer=5 width=0.1400 depth=0.1400 )
		(pin name="b[7]"	 layer=5 width=0.1400 depth=0.1400 )
		(pin name="b[8]"	 layer=5 width=0.1400 depth=0.1400 )
		(pin name="b[9]"	 layer=5 width=0.1400 depth=0.1400 )
		(pin name="b[10]"	 layer=5 width=0.1400 depth=0.1400 )
		(pin name="b[11]"	 layer=5 width=0.1400 depth=0.1400 )
		(pin name="b[12]"	 layer=5 width=0.1400 depth=0.1400 )
		(pin name="b[13]"	 layer=5 width=0.1400 depth=0.1400 )
		(pin name="b[14]"	 layer=5 width=0.1400 depth=0.1400 )
		(pin name="b[15]"	 layer=5 width=0.1400 depth=0.1400 )
		(pin name="b[16]"	 layer=5 width=0.1400 depth=0.1400 )
		(pin name="b[17]"	 layer=5 width=0.1400 depth=0.1400 )
		(pin name="b[18]"	 layer=5 width=0.1400 depth=0.1400 )
		(pin name="b[19]"	 layer=5 width=0.1400 depth=0.1400 )
		(pin name="b[20]"	 layer=5 width=0.1400 depth=0.1400 )
		(pin name="b[21]"	 layer=5 width=0.1400 depth=0.1400 )
		(pin name="b[22]"	 layer=5 width=0.1400 depth=0.1400 )
		(pin name="b[23]"	 layer=5 width=0.1400 depth=0.1400 )
		(pin name="b[24]"	 layer=5 width=0.1400 depth=0.1400 )
		(pin name="b[25]"	 layer=5 width=0.1400 depth=0.1400 )
		(pin name="b[26]"	 layer=5 width=0.1400 depth=0.1400 )
		(pin name="b[27]"	 layer=5 width=0.1400 depth=0.1400 )
		(pin name="b[28]"	 layer=5 width=0.1400 depth=0.1400 )
		(pin name="b[29]"	 layer=5 width=0.1400 depth=0.1400 )
		(pin name="b[30]"	 layer=5 width=0.1400 depth=0.1400 )
		(pin name="b[31]"	 layer=5 width=0.1400 depth=0.1400 )
		(pin name="b[32]"	 layer=5 width=0.1400 depth=0.1400 )
		(pin name="b[33]"	 layer=5 width=0.1400 depth=0.1400 )
		(pin name="b[34]"	 layer=5 width=0.1400 depth=0.1400 )
		(pin name="b[35]"	 layer=5 width=0.1400 depth=0.1400 )
		(pin name="b[36]"	 layer=5 width=0.1400 depth=0.1400 )
		(pin name="b[37]"	 layer=5 width=0.1400 depth=0.1400 )
		(pin name="b[38]"	 layer=5 width=0.1400 depth=0.1400 )
		(pin name="b[39]"	 layer=5 width=0.1400 depth=0.1400 )
		(pin name="b[40]"	 layer=5 width=0.1400 depth=0.1400 )
		(pin name="b[41]"	 layer=5 width=0.1400 depth=0.1400 )
		(pin name="b[42]"	 layer=5 width=0.1400 depth=0.1400 )
		(pin name="b[43]"	 layer=5 width=0.1400 depth=0.1400 )
		(pin name="b[44]"	 layer=5 width=0.1400 depth=0.1400 )
		(pin name="b[45]"	 layer=5 width=0.1400 depth=0.1400 )
		(pin name="b[46]"	 layer=5 width=0.1400 depth=0.1400 )
		(pin name="b[47]"	 layer=5 width=0.1400 depth=0.1400 )
		
    )
)
